// !$*UTF8*$!
{
	archiveVersion = 1;
	classes = {
	};
	objectVersion = 48;
	objects = {

/* Begin PBXBuildFile section */
		3832AEE81FF3369400DA2F30 /* AppDelegate.swift in Sources */ = {isa = PBXBuildFile; fileRef = 3832AEE71FF3369400DA2F30 /* AppDelegate.swift */; };
		3832AEEA1FF3369400DA2F30 /* ViewController.swift in Sources */ = {isa = PBXBuildFile; fileRef = 3832AEE91FF3369400DA2F30 /* ViewController.swift */; };
		3832AEED1FF3369400DA2F30 /* Main.storyboard in Resources */ = {isa = PBXBuildFile; fileRef = 3832AEEB1FF3369400DA2F30 /* Main.storyboard */; };
		3832AEEF1FF3369400DA2F30 /* Assets.xcassets in Resources */ = {isa = PBXBuildFile; fileRef = 3832AEEE1FF3369400DA2F30 /* Assets.xcassets */; };
		3832AEF21FF3369400DA2F30 /* LaunchScreen.storyboard in Resources */ = {isa = PBXBuildFile; fileRef = 3832AEF01FF3369400DA2F30 /* LaunchScreen.storyboard */; };
		3832AEFD1FF3369400DA2F30 /* unes_du_jourTests.swift in Sources */ = {isa = PBXBuildFile; fileRef = 3832AEFC1FF3369400DA2F30 /* unes_du_jourTests.swift */; };
		3832AF081FF3369400DA2F30 /* unes_du_jourUITests.swift in Sources */ = {isa = PBXBuildFile; fileRef = 3832AF071FF3369400DA2F30 /* unes_du_jourUITests.swift */; };
/* End PBXBuildFile section */

/* Begin PBXContainerItemProxy section */
		3832AEF91FF3369400DA2F30 /* PBXContainerItemProxy */ = {
			isa = PBXContainerItemProxy;
			containerPortal = 3832AEDC1FF3369400DA2F30 /* Project object */;
			proxyType = 1;
			remoteGlobalIDString = 3832AEE31FF3369400DA2F30;
			remoteInfo = "unes du jour";
		};
		3832AF041FF3369400DA2F30 /* PBXContainerItemProxy */ = {
			isa = PBXContainerItemProxy;
			containerPortal = 3832AEDC1FF3369400DA2F30 /* Project object */;
			proxyType = 1;
			remoteGlobalIDString = 3832AEE31FF3369400DA2F30;
			remoteInfo = "unes du jour";
		};
/* End PBXContainerItemProxy section */

/* Begin PBXFileReference section */
		3832AEE41FF3369400DA2F30 /* unes du jour.app */ = {isa = PBXFileReference; explicitFileType = wrapper.application; includeInIndex = 0; path = "unes du jour.app"; sourceTree = BUILT_PRODUCTS_DIR; };
		3832AEE71FF3369400DA2F30 /* AppDelegate.swift */ = {isa = PBXFileReference; lastKnownFileType = sourcecode.swift; path = AppDelegate.swift; sourceTree = "<group>"; };
		3832AEE91FF3369400DA2F30 /* ViewController.swift */ = {isa = PBXFileReference; lastKnownFileType = sourcecode.swift; path = ViewController.swift; sourceTree = "<group>"; };
		3832AEEC1FF3369400DA2F30 /* Base */ = {isa = PBXFileReference; lastKnownFileType = file.storyboard; name = Base; path = Base.lproj/Main.storyboard; sourceTree = "<group>"; };
		3832AEEE1FF3369400DA2F30 /* Assets.xcassets */ = {isa = PBXFileReference; lastKnownFileType = folder.assetcatalog; path = Assets.xcassets; sourceTree = "<group>"; };
		3832AEF11FF3369400DA2F30 /* Base */ = {isa = PBXFileReference; lastKnownFileType = file.storyboard; name = Base; path = Base.lproj/LaunchScreen.storyboard; sourceTree = "<group>"; };
		3832AEF31FF3369400DA2F30 /* Info.plist */ = {isa = PBXFileReference; lastKnownFileType = text.plist.xml; path = Info.plist; sourceTree = "<group>"; };
		3832AEF81FF3369400DA2F30 /* unes du jourTests.xctest */ = {isa = PBXFileReference; explicitFileType = wrapper.cfbundle; includeInIndex = 0; path = "unes du jourTests.xctest"; sourceTree = BUILT_PRODUCTS_DIR; };
		3832AEFC1FF3369400DA2F30 /* unes_du_jourTests.swift */ = {isa = PBXFileReference; lastKnownFileType = sourcecode.swift; path = unes_du_jourTests.swift; sourceTree = "<group>"; };
		3832AEFE1FF3369400DA2F30 /* Info.plist */ = {isa = PBXFileReference; lastKnownFileType = text.plist.xml; path = Info.plist; sourceTree = "<group>"; };
		3832AF031FF3369400DA2F30 /* unes du jourUITests.xctest */ = {isa = PBXFileReference; explicitFileType = wrapper.cfbundle; includeInIndex = 0; path = "unes du jourUITests.xctest"; sourceTree = BUILT_PRODUCTS_DIR; };
		3832AF071FF3369400DA2F30 /* unes_du_jourUITests.swift */ = {isa = PBXFileReference; lastKnownFileType = sourcecode.swift; path = unes_du_jourUITests.swift; sourceTree = "<group>"; };
		3832AF091FF3369400DA2F30 /* Info.plist */ = {isa = PBXFileReference; lastKnownFileType = text.plist.xml; path = Info.plist; sourceTree = "<group>"; };
/* End PBXFileReference section */

/* Begin PBXFrameworksBuildPhase section */
		3832AEE11FF3369400DA2F30 /* Frameworks */ = {
			isa = PBXFrameworksBuildPhase;
			buildActionMask = 2147483647;
			files = (
			);
			runOnlyForDeploymentPostprocessing = 0;
		};
		3832AEF51FF3369400DA2F30 /* Frameworks */ = {
			isa = PBXFrameworksBuildPhase;
			buildActionMask = 2147483647;
			files = (
			);
			runOnlyForDeploymentPostprocessing = 0;
		};
		3832AF001FF3369400DA2F30 /* Frameworks */ = {
			isa = PBXFrameworksBuildPhase;
			buildActionMask = 2147483647;
			files = (
			);
			runOnlyForDeploymentPostprocessing = 0;
		};
/* End PBXFrameworksBuildPhase section */

/* Begin PBXGroup section */
		3832AEDB1FF3369400DA2F30 = {
			isa = PBXGroup;
			children = (
				3832AEE61FF3369400DA2F30 /* unes du jour */,
				3832AEFB1FF3369400DA2F30 /* unes du jourTests */,
				3832AF061FF3369400DA2F30 /* unes du jourUITests */,
				3832AEE51FF3369400DA2F30 /* Products */,
			);
			sourceTree = "<group>";
		};
		3832AEE51FF3369400DA2F30 /* Products */ = {
			isa = PBXGroup;
			children = (
				3832AEE41FF3369400DA2F30 /* unes du jour.app */,
				3832AEF81FF3369400DA2F30 /* unes du jourTests.xctest */,
				3832AF031FF3369400DA2F30 /* unes du jourUITests.xctest */,
			);
			name = Products;
			sourceTree = "<group>";
		};
		3832AEE61FF3369400DA2F30 /* unes du jour */ = {
			isa = PBXGroup;
			children = (
				3832AEE71FF3369400DA2F30 /* AppDelegate.swift */,
				3832AEE91FF3369400DA2F30 /* ViewController.swift */,
				3832AEEB1FF3369400DA2F30 /* Main.storyboard */,
				3832AEEE1FF3369400DA2F30 /* Assets.xcassets */,
				3832AEF01FF3369400DA2F30 /* LaunchScreen.storyboard */,
				3832AEF31FF3369400DA2F30 /* Info.plist */,
			);
			path = "unes du jour";
			sourceTree = "<group>";
		};
		3832AEFB1FF3369400DA2F30 /* unes du jourTests */ = {
			isa = PBXGroup;
			children = (
				3832AEFC1FF3369400DA2F30 /* unes_du_jourTests.swift */,
				3832AEFE1FF3369400DA2F30 /* Info.plist */,
			);
			path = "unes du jourTests";
			sourceTree = "<group>";
		};
		3832AF061FF3369400DA2F30 /* unes du jourUITests */ = {
			isa = PBXGroup;
			children = (
				3832AF071FF3369400DA2F30 /* unes_du_jourUITests.swift */,
				3832AF091FF3369400DA2F30 /* Info.plist */,
			);
			path = "unes du jourUITests";
			sourceTree = "<group>";
		};
/* End PBXGroup section */

/* Begin PBXNativeTarget section */
		3832AEE31FF3369400DA2F30 /* unes du jour */ = {
			isa = PBXNativeTarget;
			buildConfigurationList = 3832AF0C1FF3369400DA2F30 /* Build configuration list for PBXNativeTarget "unes du jour" */;
			buildPhases = (
				3832AEE01FF3369400DA2F30 /* Sources */,
				3832AEE11FF3369400DA2F30 /* Frameworks */,
				3832AEE21FF3369400DA2F30 /* Resources */,
			);
			buildRules = (
			);
			dependencies = (
			);
			name = "unes du jour";
			productName = "unes du jour";
			productReference = 3832AEE41FF3369400DA2F30 /* unes du jour.app */;
			productType = "com.apple.product-type.application";
		};
		3832AEF71FF3369400DA2F30 /* unes du jourTests */ = {
			isa = PBXNativeTarget;
			buildConfigurationList = 3832AF0F1FF3369400DA2F30 /* Build configuration list for PBXNativeTarget "unes du jourTests" */;
			buildPhases = (
				3832AEF41FF3369400DA2F30 /* Sources */,
				3832AEF51FF3369400DA2F30 /* Frameworks */,
				3832AEF61FF3369400DA2F30 /* Resources */,
			);
			buildRules = (
			);
			dependencies = (
				3832AEFA1FF3369400DA2F30 /* PBXTargetDependency */,
			);
			name = "unes du jourTests";
			productName = "unes du jourTests";
			productReference = 3832AEF81FF3369400DA2F30 /* unes du jourTests.xctest */;
			productType = "com.apple.product-type.bundle.unit-test";
		};
		3832AF021FF3369400DA2F30 /* unes du jourUITests */ = {
			isa = PBXNativeTarget;
			buildConfigurationList = 3832AF121FF3369400DA2F30 /* Build configuration list for PBXNativeTarget "unes du jourUITests" */;
			buildPhases = (
				3832AEFF1FF3369400DA2F30 /* Sources */,
				3832AF001FF3369400DA2F30 /* Frameworks */,
				3832AF011FF3369400DA2F30 /* Resources */,
			);
			buildRules = (
			);
			dependencies = (
				3832AF051FF3369400DA2F30 /* PBXTargetDependency */,
			);
			name = "unes du jourUITests";
			productName = "unes du jourUITests";
			productReference = 3832AF031FF3369400DA2F30 /* unes du jourUITests.xctest */;
			productType = "com.apple.product-type.bundle.ui-testing";
		};
/* End PBXNativeTarget section */

/* Begin PBXProject section */
		3832AEDC1FF3369400DA2F30 /* Project object */ = {
			isa = PBXProject;
			attributes = {
				LastSwiftUpdateCheck = 0920;
				LastUpgradeCheck = 0920;
				ORGANIZATIONNAME = "BOURGEOIS Mathieu";
				TargetAttributes = {
					3832AEE31FF3369400DA2F30 = {
						CreatedOnToolsVersion = 9.2;
						ProvisioningStyle = Automatic;
					};
					3832AEF71FF3369400DA2F30 = {
						CreatedOnToolsVersion = 9.2;
						ProvisioningStyle = Automatic;
						TestTargetID = 3832AEE31FF3369400DA2F30;
					};
					3832AF021FF3369400DA2F30 = {
						CreatedOnToolsVersion = 9.2;
						ProvisioningStyle = Automatic;
						TestTargetID = 3832AEE31FF3369400DA2F30;
					};
				};
			};
			buildConfigurationList = 3832AEDF1FF3369400DA2F30 /* Build configuration list for PBXProject "unes du jour" */;
			compatibilityVersion = "Xcode 8.0";
			developmentRegion = en;
			hasScannedForEncodings = 0;
			knownRegions = (
				en,
				Base,
			);
			mainGroup = 3832AEDB1FF3369400DA2F30;
			productRefGroup = 3832AEE51FF3369400DA2F30 /* Products */;
			projectDirPath = "";
			projectRoot = "";
			targets = (
				3832AEE31FF3369400DA2F30 /* unes du jour */,
				3832AEF71FF3369400DA2F30 /* unes du jourTests */,
				3832AF021FF3369400DA2F30 /* unes du jourUITests */,
			);
		};
/* End PBXProject section */

/* Begin PBXResourcesBuildPhase section */
		3832AEE21FF3369400DA2F30 /* Resources */ = {
			isa = PBXResourcesBuildPhase;
			buildActionMask = 2147483647;
			files = (
				3832AEF21FF3369400DA2F30 /* LaunchScreen.storyboard in Resources */,
				3832AEEF1FF3369400DA2F30 /* Assets.xcassets in Resources */,
				3832AEED1FF3369400DA2F30 /* Main.storyboard in Resources */,
			);
			runOnlyForDeploymentPostprocessing = 0;
		};
		3832AEF61FF3369400DA2F30 /* Resources */ = {
			isa = PBXResourcesBuildPhase;
			buildActionMask = 2147483647;
			files = (
			);
			runOnlyForDeploymentPostprocessing = 0;
		};
		3832AF011FF3369400DA2F30 /* Resources */ = {
			isa = PBXResourcesBuildPhase;
			buildActionMask = 2147483647;
			files = (
			);
			runOnlyForDeploymentPostprocessing = 0;
		};
/* End PBXResourcesBuildPhase section */

/* Begin PBXSourcesBuildPhase section */
		3832AEE01FF3369400DA2F30 /* Sources */ = {
			isa = PBXSourcesBuildPhase;
			buildActionMask = 2147483647;
			files = (
				3832AEEA1FF3369400DA2F30 /* ViewController.swift in Sources */,
				3832AEE81FF3369400DA2F30 /* AppDelegate.swift in Sources */,
			);
			runOnlyForDeploymentPostprocessing = 0;
		};
		3832AEF41FF3369400DA2F30 /* Sources */ = {
			isa = PBXSourcesBuildPhase;
			buildActionMask = 2147483647;
			files = (
				3832AEFD1FF3369400DA2F30 /* unes_du_jourTests.swift in Sources */,
			);
			runOnlyForDeploymentPostprocessing = 0;
		};
		3832AEFF1FF3369400DA2F30 /* Sources */ = {
			isa = PBXSourcesBuildPhase;
			buildActionMask = 2147483647;
			files = (
				3832AF081FF3369400DA2F30 /* unes_du_jourUITests.swift in Sources */,
			);
			runOnlyForDeploymentPostprocessing = 0;
		};
/* End PBXSourcesBuildPhase section */

/* Begin PBXTargetDependency section */
		3832AEFA1FF3369400DA2F30 /* PBXTargetDependency */ = {
			isa = PBXTargetDependency;
			target = 3832AEE31FF3369400DA2F30 /* unes du jour */;
			targetProxy = 3832AEF91FF3369400DA2F30 /* PBXContainerItemProxy */;
		};
		3832AF051FF3369400DA2F30 /* PBXTargetDependency */ = {
			isa = PBXTargetDependency;
			target = 3832AEE31FF3369400DA2F30 /* unes du jour */;
			targetProxy = 3832AF041FF3369400DA2F30 /* PBXContainerItemProxy */;
		};
/* End PBXTargetDependency section */

/* Begin PBXVariantGroup section */
		3832AEEB1FF3369400DA2F30 /* Main.storyboard */ = {
			isa = PBXVariantGroup;
			children = (
				3832AEEC1FF3369400DA2F30 /* Base */,
			);
			name = Main.storyboard;
			sourceTree = "<group>";
		};
		3832AEF01FF3369400DA2F30 /* LaunchScreen.storyboard */ = {
			isa = PBXVariantGroup;
			children = (
				3832AEF11FF3369400DA2F30 /* Base */,
			);
			name = LaunchScreen.storyboard;
			sourceTree = "<group>";
		};
/* End PBXVariantGroup section */

/* Begin XCBuildConfiguration section */
		3832AF0A1FF3369400DA2F30 /* Debug */ = {
			isa = XCBuildConfiguration;
			buildSettings = {
				ALWAYS_SEARCH_USER_PATHS = NO;
				CLANG_ANALYZER_NONNULL = YES;
				CLANG_ANALYZER_NUMBER_OBJECT_CONVERSION = YES_AGGRESSIVE;
				CLANG_CXX_LANGUAGE_STANDARD = "gnu++14";
				CLANG_CXX_LIBRARY = "libc++";
				CLANG_ENABLE_MODULES = YES;
				CLANG_ENABLE_OBJC_ARC = YES;
				CLANG_WARN_BLOCK_CAPTURE_AUTORELEASING = YES;
				CLANG_WARN_BOOL_CONVERSION = YES;
				CLANG_WARN_COMMA = YES;
				CLANG_WARN_CONSTANT_CONVERSION = YES;
				CLANG_WARN_DIRECT_OBJC_ISA_USAGE = YES_ERROR;
				CLANG_WARN_DOCUMENTATION_COMMENTS = YES;
				CLANG_WARN_EMPTY_BODY = YES;
				CLANG_WARN_ENUM_CONVERSION = YES;
				CLANG_WARN_INFINITE_RECURSION = YES;
				CLANG_WARN_INT_CONVERSION = YES;
				CLANG_WARN_NON_LITERAL_NULL_CONVERSION = YES;
				CLANG_WARN_OBJC_LITERAL_CONVERSION = YES;
				CLANG_WARN_OBJC_ROOT_CLASS = YES_ERROR;
				CLANG_WARN_RANGE_LOOP_ANALYSIS = YES;
				CLANG_WARN_STRICT_PROTOTYPES = YES;
				CLANG_WARN_SUSPICIOUS_MOVE = YES;
				CLANG_WARN_UNGUARDED_AVAILABILITY = YES_AGGRESSIVE;
				CLANG_WARN_UNREACHABLE_CODE = YES;
				CLANG_WARN__DUPLICATE_METHOD_MATCH = YES;
				CODE_SIGN_IDENTITY = "iPhone Developer";
				COPY_PHASE_STRIP = NO;
				DEBUG_INFORMATION_FORMAT = dwarf;
				ENABLE_STRICT_OBJC_MSGSEND = YES;
				ENABLE_TESTABILITY = YES;
				GCC_C_LANGUAGE_STANDARD = gnu11;
				GCC_DYNAMIC_NO_PIC = NO;
				GCC_NO_COMMON_BLOCKS = YES;
				GCC_OPTIMIZATION_LEVEL = 0;
				GCC_PREPROCESSOR_DEFINITIONS = (
					"DEBUG=1",
					"$(inherited)",
				);
				GCC_WARN_64_TO_32_BIT_CONVERSION = YES;
				GCC_WARN_ABOUT_RETURN_TYPE = YES_ERROR;
				GCC_WARN_UNDECLARED_SELECTOR = YES;
				GCC_WARN_UNINITIALIZED_AUTOS = YES_AGGRESSIVE;
				GCC_WARN_UNUSED_FUNCTION = YES;
				GCC_WARN_UNUSED_VARIABLE = YES;
				IPHONEOS_DEPLOYMENT_TARGET = 11.2;
				MTL_ENABLE_DEBUG_INFO = YES;
				ONLY_ACTIVE_ARCH = YES;
				SDKROOT = iphoneos;
				SWIFT_ACTIVE_COMPILATION_CONDITIONS = DEBUG;
				SWIFT_OPTIMIZATION_LEVEL = "-Onone";
			};
			name = Debug;
		};
		3832AF0B1FF3369400DA2F30 /* Release */ = {
			isa = XCBuildConfiguration;
			buildSettings = {
				ALWAYS_SEARCH_USER_PATHS = NO;
				CLANG_ANALYZER_NONNULL = YES;
				CLANG_ANALYZER_NUMBER_OBJECT_CONVERSION = YES_AGGRESSIVE;
				CLANG_CXX_LANGUAGE_STANDARD = "gnu++14";
				CLANG_CXX_LIBRARY = "libc++";
				CLANG_ENABLE_MODULES = YES;
				CLANG_ENABLE_OBJC_ARC = YES;
				CLANG_WARN_BLOCK_CAPTURE_AUTORELEASING = YES;
				CLANG_WARN_BOOL_CONVERSION = YES;
				CLANG_WARN_COMMA = YES;
				CLANG_WARN_CONSTANT_CONVERSION = YES;
				CLANG_WARN_DIRECT_OBJC_ISA_USAGE = YES_ERROR;
				CLANG_WARN_DOCUMENTATION_COMMENTS = YES;
				CLANG_WARN_EMPTY_BODY = YES;
				CLANG_WARN_ENUM_CONVERSION = YES;
				CLANG_WARN_INFINITE_RECURSION = YES;
				CLANG_WARN_INT_CONVERSION = YES;
				CLANG_WARN_NON_LITERAL_NULL_CONVERSION = YES;
				CLANG_WARN_OBJC_LITERAL_CONVERSION = YES;
				CLANG_WARN_OBJC_ROOT_CLASS = YES_ERROR;
				CLANG_WARN_RANGE_LOOP_ANALYSIS = YES;
				CLANG_WARN_STRICT_PROTOTYPES = YES;
				CLANG_WARN_SUSPICIOUS_MOVE = YES;
				CLANG_WARN_UNGUARDED_AVAILABILITY = YES_AGGRESSIVE;
				CLANG_WARN_UNREACHABLE_CODE = YES;
				CLANG_WARN__DUPLICATE_METHOD_MATCH = YES;
				CODE_SIGN_IDENTITY = "iPhone Developer";
				COPY_PHASE_STRIP = NO;
				DEBUG_INFORMATION_FORMAT = "dwarf-with-dsym";
				ENABLE_NS_ASSERTIONS = NO;
				ENABLE_STRICT_OBJC_MSGSEND = YES;
				GCC_C_LANGUAGE_STANDARD = gnu11;
				GCC_NO_COMMON_BLOCKS = YES;
				GCC_WARN_64_TO_32_BIT_CONVERSION = YES;
				GCC_WARN_ABOUT_RETURN_TYPE = YES_ERROR;
				GCC_WARN_UNDECLARED_SELECTOR = YES;
				GCC_WARN_UNINITIALIZED_AUTOS = YES_AGGRESSIVE;
				GCC_WARN_UNUSED_FUNCTION = YES;
				GCC_WARN_UNUSED_VARIABLE = YES;
				IPHONEOS_DEPLOYMENT_TARGET = 11.2;
				MTL_ENABLE_DEBUG_INFO = NO;
				SDKROOT = iphoneos;
				SWIFT_OPTIMIZATION_LEVEL = "-Owholemodule";
				VALIDATE_PRODUCT = YES;
			};
			name = Release;
		};
		3832AF0D1FF3369400DA2F30 /* Debug */ = {
			isa = XCBuildConfiguration;
			buildSettings = {
				ASSETCATALOG_COMPILER_APPICON_NAME = AppIcon;
				CODE_SIGN_STYLE = Automatic;
				INFOPLIST_FILE = "unes du jour/Info.plist";
				LD_RUNPATH_SEARCH_PATHS = "$(inherited) @executable_path/Frameworks";
				PRODUCT_BUNDLE_IDENTIFIER = "mathieuuu.unes-du-jour";
				PRODUCT_NAME = "$(TARGET_NAME)";
				SWIFT_VERSION = 4.0;
				TARGETED_DEVICE_FAMILY = "1,2";
			};
			name = Debug;
		};
		3832AF0E1FF3369400DA2F30 /* Release */ = {
			isa = XCBuildConfiguration;
			buildSettings = {
				ASSETCATALOG_COMPILER_APPICON_NAME = AppIcon;
				CODE_SIGN_STYLE = Automatic;
				INFOPLIST_FILE = "unes du jour/Info.plist";
				LD_RUNPATH_SEARCH_PATHS = "$(inherited) @executable_path/Frameworks";
				PRODUCT_BUNDLE_IDENTIFIER = "mathieuuu.unes-du-jour";
				PRODUCT_NAME = "$(TARGET_NAME)";
				SWIFT_VERSION = 4.0;
				TARGETED_DEVICE_FAMILY = "1,2";
			};
			name = Release;
		};
		3832AF101FF3369400DA2F30 /* Debug */ = {
			isa = XCBuildConfiguration;
			buildSettings = {
				ALWAYS_EMBED_SWIFT_STANDARD_LIBRARIES = YES;
				BUNDLE_LOADER = "$(TEST_HOST)";
				CODE_SIGN_STYLE = Automatic;
				INFOPLIST_FILE = "unes du jourTests/Info.plist";
				LD_RUNPATH_SEARCH_PATHS = "$(inherited) @executable_path/Frameworks @loader_path/Frameworks";
				PRODUCT_BUNDLE_IDENTIFIER = "mathieuuu.unes-du-jourTests";
				PRODUCT_NAME = "$(TARGET_NAME)";
				SWIFT_VERSION = 4.0;
				TARGETED_DEVICE_FAMILY = "1,2";
				TEST_HOST = "$(BUILT_PRODUCTS_DIR)/unes du jour.app/unes du jour";
			};
			name = Debug;
		};
		3832AF111FF3369400DA2F30 /* Release */ = {
			isa = XCBuildConfiguration;
			buildSettings = {
				ALWAYS_EMBED_SWIFT_STANDARD_LIBRARIES = YES;
				BUNDLE_LOADER = "$(TEST_HOST)";
				CODE_SIGN_STYLE = Automatic;
				INFOPLIST_FILE = "unes du jourTests/Info.plist";
				LD_RUNPATH_SEARCH_PATHS = "$(inherited) @executable_path/Frameworks @loader_path/Frameworks";
				PRODUCT_BUNDLE_IDENTIFIER = "mathieuuu.unes-du-jourTests";
				PRODUCT_NAME = "$(TARGET_NAME)";
				SWIFT_VERSION = 4.0;
				TARGETED_DEVICE_FAMILY = "1,2";
				TEST_HOST = "$(BUILT_PRODUCTS_DIR)/unes du jour.app/unes du jour";
			};
			name = Release;
		};
		3832AF131FF3369400DA2F30 /* Debug */ = {
			isa = XCBuildConfiguration;
			buildSettings = {
				ALWAYS_EMBED_SWIFT_STANDARD_LIBRARIES = YES;
				CODE_SIGN_STYLE = Automatic;
				INFOPLIST_FILE = "unes du jourUITests/Info.plist";
				LD_RUNPATH_SEARCH_PATHS = "$(inherited) @executable_path/Frameworks @loader_path/Frameworks";
				PRODUCT_BUNDLE_IDENTIFIER = "mathieuuu.unes-du-jourUITests";
				PRODUCT_NAME = "$(TARGET_NAME)";
				SWIFT_VERSION = 4.0;
				TARGETED_DEVICE_FAMILY = "1,2";
				TEST_TARGET_NAME = "unes du jour";
			};
			name = Debug;
		};
		3832AF141FF3369400DA2F30 /* Release */ = {
			isa = XCBuildConfiguration;
			buildSettings = {
				ALWAYS_EMBED_SWIFT_STANDARD_LIBRARIES = YES;
				CODE_SIGN_STYLE = Automatic;
				INFOPLIST_FILE = "unes du jourUITests/Info.plist";
				LD_RUNPATH_SEARCH_PATHS = "$(inherited) @executable_path/Frameworks @loader_path/Frameworks";
				PRODUCT_BUNDLE_IDENTIFIER = "mathieuuu.unes-du-jourUITests";
				PRODUCT_NAME = "$(TARGET_NAME)";
				SWIFT_VERSION = 4.0;
				TARGETED_DEVICE_FAMILY = "1,2";
				TEST_TARGET_NAME = "unes du jour";
			};
			name = Release;
		};
/* End XCBuildConfiguration section */

/* Begin XCConfigurationList section */
		3832AEDF1FF3369400DA2F30 /* Build configuration list for PBXProject "unes du jour" */ = {
			isa = XCConfigurationList;
			buildConfigurations = (
				3832AF0A1FF3369400DA2F30 /* Debug */,
				3832AF0B1FF3369400DA2F30 /* Release */,
			);
			defaultConfigurationIsVisible = 0;
			defaultConfigurationName = Release;
		};
		3832AF0C1FF3369400DA2F30 /* Build configuration list for PBXNativeTarget "unes du jour" */ = {
			isa = XCConfigurationList;
			buildConfigurations = (
				3832AF0D1FF3369400DA2F30 /* Debug */,
				3832AF0E1FF3369400DA2F30 /* Release */,
			);
			defaultConfigurationIsVisible = 0;
			defaultConfigurationName = Release;
		};
		3832AF0F1FF3369400DA2F30 /* Build configuration list for PBXNativeTarget "unes du jourTests" */ = {
			isa = XCConfigurationList;
			buildConfigurations = (
				3832AF101FF3369400DA2F30 /* Debug */,
				3832AF111FF3369400DA2F30 /* Release */,
			);
			defaultConfigurationIsVisible = 0;
			defaultConfigurationName = Release;
		};
		3832AF121FF3369400DA2F30 /* Build configuration list for PBXNativeTarget "unes du jourUITests" */ = {
			isa = XCConfigurationList;
			buildConfigurations = (
				3832AF131FF3369400DA2F30 /* Debug */,
				3832AF141FF3369400DA2F30 /* Release */,
			);
			defaultConfigurationIsVisible = 0;
			defaultConfigurationName = Release;
		};
/* End XCConfigurationList section */
	};
	rootObject = 3832AEDC1FF3369400DA2F30 /* Project object */;
}
